lockfileVersion: 5.3

specifiers:
  '@fontsource/fira-mono': ^4.5.0
  '@sveltejs/vite-plugin-svelte': 1.0.0-next.30
  dayjs: ^1.10.7
  ethers: ^5.5.1
  svelte: ^3.44.0
  vite: ^2.6.13

dependencies:
  '@fontsource/fira-mono': 4.5.0
  dayjs: 1.10.7
  ethers: 5.5.1

devDependencies:
  '@sveltejs/vite-plugin-svelte': 1.0.0-next.30_svelte@3.44.0+vite@2.6.13
  svelte: 3.44.0
  vite: 2.6.13

packages:

  /@ethersproject/abi/5.5.0:
    resolution: {integrity: sha512-loW7I4AohP5KycATvc0MgujU6JyCHPqHdeoo9z3Nr9xEiNioxa65ccdm1+fsoJhkuhdRtfcL8cfyGamz2AxZ5w==}
    dependencies:
      '@ethersproject/address': 5.5.0
      '@ethersproject/bignumber': 5.5.0
      '@ethersproject/bytes': 5.5.0
      '@ethersproject/constants': 5.5.0
      '@ethersproject/hash': 5.5.0
      '@ethersproject/keccak256': 5.5.0
      '@ethersproject/logger': 5.5.0
      '@ethersproject/properties': 5.5.0
      '@ethersproject/strings': 5.5.0
    dev: false

  /@ethersproject/abstract-provider/5.5.1:
    resolution: {integrity: sha512-m+MA/ful6eKbxpr99xUYeRvLkfnlqzrF8SZ46d/xFB1A7ZVknYc/sXJG0RcufF52Qn2jeFj1hhcoQ7IXjNKUqg==}
    dependencies:
      '@ethersproject/bignumber': 5.5.0
      '@ethersproject/bytes': 5.5.0
      '@ethersproject/logger': 5.5.0
      '@ethersproject/networks': 5.5.0
      '@ethersproject/properties': 5.5.0
      '@ethersproject/transactions': 5.5.0
      '@ethersproject/web': 5.5.0
    dev: false

  /@ethersproject/abstract-signer/5.5.0:
    resolution: {integrity: sha512-lj//7r250MXVLKI7sVarXAbZXbv9P50lgmJQGr2/is82EwEb8r7HrxsmMqAjTsztMYy7ohrIhGMIml+Gx4D3mA==}
    dependencies:
      '@ethersproject/abstract-provider': 5.5.1
      '@ethersproject/bignumber': 5.5.0
      '@ethersproject/bytes': 5.5.0
      '@ethersproject/logger': 5.5.0
      '@ethersproject/properties': 5.5.0
    dev: false

  /@ethersproject/address/5.5.0:
    resolution: {integrity: sha512-l4Nj0eWlTUh6ro5IbPTgbpT4wRbdH5l8CQf7icF7sb/SI3Nhd9Y9HzhonTSTi6CefI0necIw7LJqQPopPLZyWw==}
    dependencies:
      '@ethersproject/bignumber': 5.5.0
      '@ethersproject/bytes': 5.5.0
      '@ethersproject/keccak256': 5.5.0
      '@ethersproject/logger': 5.5.0
      '@ethersproject/rlp': 5.5.0
    dev: false

  /@ethersproject/base64/5.5.0:
    resolution: {integrity: sha512-tdayUKhU1ljrlHzEWbStXazDpsx4eg1dBXUSI6+mHlYklOXoXF6lZvw8tnD6oVaWfnMxAgRSKROg3cVKtCcppA==}
    dependencies:
      '@ethersproject/bytes': 5.5.0
    dev: false

  /@ethersproject/basex/5.5.0:
    resolution: {integrity: sha512-ZIodwhHpVJ0Y3hUCfUucmxKsWQA5TMnavp5j/UOuDdzZWzJlRmuOjcTMIGgHCYuZmHt36BfiSyQPSRskPxbfaQ==}
    dependencies:
      '@ethersproject/bytes': 5.5.0
      '@ethersproject/properties': 5.5.0
    dev: false

  /@ethersproject/bignumber/5.5.0:
    resolution: {integrity: sha512-6Xytlwvy6Rn3U3gKEc1vP7nR92frHkv6wtVr95LFR3jREXiCPzdWxKQ1cx4JGQBXxcguAwjA8murlYN2TSiEbg==}
    dependencies:
      '@ethersproject/bytes': 5.5.0
      '@ethersproject/logger': 5.5.0
      bn.js: 4.12.0
    dev: false

  /@ethersproject/bytes/5.5.0:
    resolution: {integrity: sha512-ABvc7BHWhZU9PNM/tANm/Qx4ostPGadAuQzWTr3doklZOhDlmcBqclrQe/ZXUIj3K8wC28oYeuRa+A37tX9kog==}
    dependencies:
      '@ethersproject/logger': 5.5.0
    dev: false

  /@ethersproject/constants/5.5.0:
    resolution: {integrity: sha512-2MsRRVChkvMWR+GyMGY4N1sAX9Mt3J9KykCsgUFd/1mwS0UH1qw+Bv9k1UJb3X3YJYFco9H20pjSlOIfCG5HYQ==}
    dependencies:
      '@ethersproject/bignumber': 5.5.0
    dev: false

  /@ethersproject/contracts/5.5.0:
    resolution: {integrity: sha512-2viY7NzyvJkh+Ug17v7g3/IJC8HqZBDcOjYARZLdzRxrfGlRgmYgl6xPRKVbEzy1dWKw/iv7chDcS83pg6cLxg==}
    dependencies:
      '@ethersproject/abi': 5.5.0
      '@ethersproject/abstract-provider': 5.5.1
      '@ethersproject/abstract-signer': 5.5.0
      '@ethersproject/address': 5.5.0
      '@ethersproject/bignumber': 5.5.0
      '@ethersproject/bytes': 5.5.0
      '@ethersproject/constants': 5.5.0
      '@ethersproject/logger': 5.5.0
      '@ethersproject/properties': 5.5.0
      '@ethersproject/transactions': 5.5.0
    dev: false

  /@ethersproject/hash/5.5.0:
    resolution: {integrity: sha512-dnGVpK1WtBjmnp3mUT0PlU2MpapnwWI0PibldQEq1408tQBAbZpPidkWoVVuNMOl/lISO3+4hXZWCL3YV7qzfg==}
    dependencies:
      '@ethersproject/abstract-signer': 5.5.0
      '@ethersproject/address': 5.5.0
      '@ethersproject/bignumber': 5.5.0
      '@ethersproject/bytes': 5.5.0
      '@ethersproject/keccak256': 5.5.0
      '@ethersproject/logger': 5.5.0
      '@ethersproject/properties': 5.5.0
      '@ethersproject/strings': 5.5.0
    dev: false

  /@ethersproject/hdnode/5.5.0:
    resolution: {integrity: sha512-mcSOo9zeUg1L0CoJH7zmxwUG5ggQHU1UrRf8jyTYy6HxdZV+r0PBoL1bxr+JHIPXRzS6u/UW4mEn43y0tmyF8Q==}
    dependencies:
      '@ethersproject/abstract-signer': 5.5.0
      '@ethersproject/basex': 5.5.0
      '@ethersproject/bignumber': 5.5.0
      '@ethersproject/bytes': 5.5.0
      '@ethersproject/logger': 5.5.0
      '@ethersproject/pbkdf2': 5.5.0
      '@ethersproject/properties': 5.5.0
      '@ethersproject/sha2': 5.5.0
      '@ethersproject/signing-key': 5.5.0
      '@ethersproject/strings': 5.5.0
      '@ethersproject/transactions': 5.5.0
      '@ethersproject/wordlists': 5.5.0
    dev: false

  /@ethersproject/json-wallets/5.5.0:
    resolution: {integrity: sha512-9lA21XQnCdcS72xlBn1jfQdj2A1VUxZzOzi9UkNdnokNKke/9Ya2xA9aIK1SC3PQyBDLt4C+dfps7ULpkvKikQ==}
    dependencies:
      '@ethersproject/abstract-signer': 5.5.0
      '@ethersproject/address': 5.5.0
      '@ethersproject/bytes': 5.5.0
      '@ethersproject/hdnode': 5.5.0
      '@ethersproject/keccak256': 5.5.0
      '@ethersproject/logger': 5.5.0
      '@ethersproject/pbkdf2': 5.5.0
      '@ethersproject/properties': 5.5.0
      '@ethersproject/random': 5.5.0
      '@ethersproject/strings': 5.5.0
      '@ethersproject/transactions': 5.5.0
      aes-js: 3.0.0
      scrypt-js: 3.0.1
    dev: false

  /@ethersproject/keccak256/5.5.0:
    resolution: {integrity: sha512-5VoFCTjo2rYbBe1l2f4mccaRFN/4VQEYFwwn04aJV2h7qf4ZvI2wFxUE1XOX+snbwCLRzIeikOqtAoPwMza9kg==}
    dependencies:
      '@ethersproject/bytes': 5.5.0
      js-sha3: 0.8.0
    dev: false

  /@ethersproject/logger/5.5.0:
    resolution: {integrity: sha512-rIY/6WPm7T8n3qS2vuHTUBPdXHl+rGxWxW5okDfo9J4Z0+gRRZT0msvUdIJkE4/HS29GUMziwGaaKO2bWONBrg==}
    dev: false

  /@ethersproject/networks/5.5.0:
    resolution: {integrity: sha512-KWfP3xOnJeF89Uf/FCJdV1a2aDJe5XTN2N52p4fcQ34QhDqQFkgQKZ39VGtiqUgHcLI8DfT0l9azC3KFTunqtA==}
    dependencies:
      '@ethersproject/logger': 5.5.0
    dev: false

  /@ethersproject/pbkdf2/5.5.0:
    resolution: {integrity: sha512-SaDvQFvXPnz1QGpzr6/HToLifftSXGoXrbpZ6BvoZhmx4bNLHrxDe8MZisuecyOziP1aVEwzC2Hasj+86TgWVg==}
    dependencies:
      '@ethersproject/bytes': 5.5.0
      '@ethersproject/sha2': 5.5.0
    dev: false

  /@ethersproject/properties/5.5.0:
    resolution: {integrity: sha512-l3zRQg3JkD8EL3CPjNK5g7kMx4qSwiR60/uk5IVjd3oq1MZR5qUg40CNOoEJoX5wc3DyY5bt9EbMk86C7x0DNA==}
    dependencies:
      '@ethersproject/logger': 5.5.0
    dev: false

  /@ethersproject/providers/5.5.0:
    resolution: {integrity: sha512-xqMbDnS/FPy+J/9mBLKddzyLLAQFjrVff5g00efqxPzcAwXiR+SiCGVy6eJ5iAIirBOATjx7QLhDNPGV+AEQsw==}
    dependencies:
      '@ethersproject/abstract-provider': 5.5.1
      '@ethersproject/abstract-signer': 5.5.0
      '@ethersproject/address': 5.5.0
      '@ethersproject/basex': 5.5.0
      '@ethersproject/bignumber': 5.5.0
      '@ethersproject/bytes': 5.5.0
      '@ethersproject/constants': 5.5.0
      '@ethersproject/hash': 5.5.0
      '@ethersproject/logger': 5.5.0
      '@ethersproject/networks': 5.5.0
      '@ethersproject/properties': 5.5.0
      '@ethersproject/random': 5.5.0
      '@ethersproject/rlp': 5.5.0
      '@ethersproject/sha2': 5.5.0
      '@ethersproject/strings': 5.5.0
      '@ethersproject/transactions': 5.5.0
      '@ethersproject/web': 5.5.0
      bech32: 1.1.4
      ws: 7.4.6
    transitivePeerDependencies:
      - bufferutil
      - utf-8-validate
    dev: false

  /@ethersproject/random/5.5.0:
    resolution: {integrity: sha512-egGYZwZ/YIFKMHcoBUo8t3a8Hb/TKYX8BCBoLjudVCZh892welR3jOxgOmb48xznc9bTcMm7Tpwc1gHC1PFNFQ==}
    dependencies:
      '@ethersproject/bytes': 5.5.0
      '@ethersproject/logger': 5.5.0
    dev: false

  /@ethersproject/rlp/5.5.0:
    resolution: {integrity: sha512-hLv8XaQ8PTI9g2RHoQGf/WSxBfTB/NudRacbzdxmst5VHAqd1sMibWG7SENzT5Dj3yZ3kJYx+WiRYEcQTAkcYA==}
    dependencies:
      '@ethersproject/bytes': 5.5.0
      '@ethersproject/logger': 5.5.0
    dev: false

  /@ethersproject/sha2/5.5.0:
    resolution: {integrity: sha512-B5UBoglbCiHamRVPLA110J+2uqsifpZaTmid2/7W5rbtYVz6gus6/hSDieIU/6gaKIDcOj12WnOdiymEUHIAOA==}
    dependencies:
      '@ethersproject/bytes': 5.5.0
      '@ethersproject/logger': 5.5.0
      hash.js: 1.1.7
    dev: false

  /@ethersproject/signing-key/5.5.0:
    resolution: {integrity: sha512-5VmseH7qjtNmDdZBswavhotYbWB0bOwKIlOTSlX14rKn5c11QmJwGt4GHeo7NrL/Ycl7uo9AHvEqs5xZgFBTng==}
    dependencies:
      '@ethersproject/bytes': 5.5.0
      '@ethersproject/logger': 5.5.0
      '@ethersproject/properties': 5.5.0
      bn.js: 4.12.0
      elliptic: 6.5.4
      hash.js: 1.1.7
    dev: false

  /@ethersproject/solidity/5.5.0:
    resolution: {integrity: sha512-9NgZs9LhGMj6aCtHXhtmFQ4AN4sth5HuFXVvAQtzmm0jpSCNOTGtrHZJAeYTh7MBjRR8brylWZxBZR9zDStXbw==}
    dependencies:
      '@ethersproject/bignumber': 5.5.0
      '@ethersproject/bytes': 5.5.0
      '@ethersproject/keccak256': 5.5.0
      '@ethersproject/logger': 5.5.0
      '@ethersproject/sha2': 5.5.0
      '@ethersproject/strings': 5.5.0
    dev: false

  /@ethersproject/strings/5.5.0:
    resolution: {integrity: sha512-9fy3TtF5LrX/wTrBaT8FGE6TDJyVjOvXynXJz5MT5azq+E6D92zuKNx7i29sWW2FjVOaWjAsiZ1ZWznuduTIIQ==}
    dependencies:
      '@ethersproject/bytes': 5.5.0
      '@ethersproject/constants': 5.5.0
      '@ethersproject/logger': 5.5.0
    dev: false

  /@ethersproject/transactions/5.5.0:
    resolution: {integrity: sha512-9RZYSKX26KfzEd/1eqvv8pLauCKzDTub0Ko4LfIgaERvRuwyaNV78mJs7cpIgZaDl6RJui4o49lHwwCM0526zA==}
    dependencies:
      '@ethersproject/address': 5.5.0
      '@ethersproject/bignumber': 5.5.0
      '@ethersproject/bytes': 5.5.0
      '@ethersproject/constants': 5.5.0
      '@ethersproject/keccak256': 5.5.0
      '@ethersproject/logger': 5.5.0
      '@ethersproject/properties': 5.5.0
      '@ethersproject/rlp': 5.5.0
      '@ethersproject/signing-key': 5.5.0
    dev: false

  /@ethersproject/units/5.5.0:
    resolution: {integrity: sha512-7+DpjiZk4v6wrikj+TCyWWa9dXLNU73tSTa7n0TSJDxkYbV3Yf1eRh9ToMLlZtuctNYu9RDNNy2USq3AdqSbag==}
    dependencies:
      '@ethersproject/bignumber': 5.5.0
      '@ethersproject/constants': 5.5.0
      '@ethersproject/logger': 5.5.0
    dev: false

  /@ethersproject/wallet/5.5.0:
    resolution: {integrity: sha512-Mlu13hIctSYaZmUOo7r2PhNSd8eaMPVXe1wxrz4w4FCE4tDYBywDH+bAR1Xz2ADyXGwqYMwstzTrtUVIsKDO0Q==}
    dependencies:
      '@ethersproject/abstract-provider': 5.5.1
      '@ethersproject/abstract-signer': 5.5.0
      '@ethersproject/address': 5.5.0
      '@ethersproject/bignumber': 5.5.0
      '@ethersproject/bytes': 5.5.0
      '@ethersproject/hash': 5.5.0
      '@ethersproject/hdnode': 5.5.0
      '@ethersproject/json-wallets': 5.5.0
      '@ethersproject/keccak256': 5.5.0
      '@ethersproject/logger': 5.5.0
      '@ethersproject/properties': 5.5.0
      '@ethersproject/random': 5.5.0
      '@ethersproject/signing-key': 5.5.0
      '@ethersproject/transactions': 5.5.0
      '@ethersproject/wordlists': 5.5.0
    dev: false

  /@ethersproject/web/5.5.0:
    resolution: {integrity: sha512-BEgY0eL5oH4mAo37TNYVrFeHsIXLRxggCRG/ksRIxI2X5uj5IsjGmcNiRN/VirQOlBxcUhCgHhaDLG4m6XAVoA==}
    dependencies:
      '@ethersproject/base64': 5.5.0
      '@ethersproject/bytes': 5.5.0
      '@ethersproject/logger': 5.5.0
      '@ethersproject/properties': 5.5.0
      '@ethersproject/strings': 5.5.0
    dev: false

  /@ethersproject/wordlists/5.5.0:
    resolution: {integrity: sha512-bL0UTReWDiaQJJYOC9sh/XcRu/9i2jMrzf8VLRmPKx58ckSlOJiohODkECCO50dtLZHcGU6MLXQ4OOrgBwP77Q==}
    dependencies:
      '@ethersproject/bytes': 5.5.0
      '@ethersproject/hash': 5.5.0
      '@ethersproject/logger': 5.5.0
      '@ethersproject/properties': 5.5.0
      '@ethersproject/strings': 5.5.0
    dev: false

  /@fontsource/fira-mono/4.5.0:
    resolution: {integrity: sha512-KE+d3wmgq/YKM0BqgUF7p2yeBNi805Nfof1lC1wJ7E9i2EWoC363sGdKG+MQBVm+ei3GYZu+Bo8Xha1w1pkB7g==}
    dev: false

  /@rollup/pluginutils/4.1.1:
    resolution: {integrity: sha512-clDjivHqWGXi7u+0d2r2sBi4Ie6VLEAzWMIkvJLnDmxoOhBYOTfzGbOQBA32THHm11/LiJbd01tJUpJsbshSWQ==}
    engines: {node: '>= 8.0.0'}
    dependencies:
      estree-walker: 2.0.2
      picomatch: 2.3.0
    dev: true

  /@sveltejs/vite-plugin-svelte/1.0.0-next.30_svelte@3.44.0+vite@2.6.13:
    resolution: {integrity: sha512-YQqdMxjL1VgSFk4/+IY3yLwuRRapPafPiZTiaGEq1psbJYSNYUWx9F1zMm32GMsnogg3zn99mGJOqe3ld3HZSg==}
    engines: {node: ^14.13.1 || >= 16}
    peerDependencies:
      diff-match-patch: ^1.0.5
      svelte: ^3.44.0
      vite: ^2.6.0
    peerDependenciesMeta:
      diff-match-patch:
        optional: true
    dependencies:
      '@rollup/pluginutils': 4.1.1
      debug: 4.3.2
      kleur: 4.1.4
      magic-string: 0.25.7
      require-relative: 0.8.7
      svelte: 3.44.0
      svelte-hmr: 0.14.7_svelte@3.44.0
      vite: 2.6.13
    transitivePeerDependencies:
      - supports-color
    dev: true

  /aes-js/3.0.0:
    resolution: {integrity: sha1-4h3xCtbCBTKVvLuNq0Cwnb6ofk0=}
    dev: false

  /bech32/1.1.4:
    resolution: {integrity: sha512-s0IrSOzLlbvX7yp4WBfPITzpAU8sqQcpsmwXDiKwrG4r491vwCO/XpejasRNl0piBMe/DvP4Tz0mIS/X1DPJBQ==}
    dev: false

  /bn.js/4.12.0:
    resolution: {integrity: sha512-c98Bf3tPniI+scsdk237ku1Dc3ujXQTSgyiPUDEOe7tRkhrqridvh8klBv0HCEso1OLOYcHuCv/cS6DNxKH+ZA==}
    dev: false

  /brorand/1.1.0:
    resolution: {integrity: sha1-EsJe/kCkXjwyPrhnWgoM5XsiNx8=}
    dev: false

  /dayjs/1.10.7:
    resolution: {integrity: sha512-P6twpd70BcPK34K26uJ1KT3wlhpuOAPoMwJzpsIWUxHZ7wpmbdZL/hQqBDfz7hGurYSa5PhzdhDHtt319hL3ig==}
    dev: false

  /debug/4.3.2:
    resolution: {integrity: sha512-mOp8wKcvj7XxC78zLgw/ZA+6TSgkoE2C/ienthhRD298T7UNwAg9diBpLRxC0mOezLl4B0xV7M0cCO6P/O0Xhw==}
    engines: {node: '>=6.0'}
    peerDependencies:
      supports-color: '*'
    peerDependenciesMeta:
      supports-color:
        optional: true
    dependencies:
      ms: 2.1.2
    dev: true

  /elliptic/6.5.4:
    resolution: {integrity: sha512-iLhC6ULemrljPZb+QutR5TQGB+pdW6KGD5RSegS+8sorOZT+rdQFbsQFJgvN3eRqNALqJer4oQ16YvJHlU8hzQ==}
    dependencies:
      bn.js: 4.12.0
      brorand: 1.1.0
      hash.js: 1.1.7
      hmac-drbg: 1.0.1
      inherits: 2.0.4
      minimalistic-assert: 1.0.1
      minimalistic-crypto-utils: 1.0.1
    dev: false

  /esbuild-android-arm64/0.13.11:
    resolution: {integrity: sha512-5D6wfGwqbYcsj2Rtsdilt7TFi1i2vo/OcDNc+bBzdveQ0dgsXq07ImnHZ1fjKCjvQrjZz2oDCvKyMso3YyTEtQ==}
    cpu: [arm64]
    os: [android]
    requiresBuild: true
    dev: true
    optional: true

  /esbuild-darwin-64/0.13.11:
    resolution: {integrity: sha512-5SLEfyBVyTjTWBD8bMUsCsFmiiYQQhcA29mjOfooPVbk8Xq4pc0Cl8l+XQStO5ntnX5xh8su+z4LGCJ15rE2Gw==}
    cpu: [x64]
    os: [darwin]
    requiresBuild: true
    dev: true
    optional: true

  /esbuild-darwin-arm64/0.13.11:
    resolution: {integrity: sha512-davfRUaAqC1dAaN/Re0yG7wHj30EMw0EzzCoUfIAzuiuwHTJk9vwCZ+eVVz5n7cDy/mtaYLUJTNcmeVnperGIQ==}
    cpu: [arm64]
    os: [darwin]
    requiresBuild: true
    dev: true
    optional: true

  /esbuild-freebsd-64/0.13.11:
    resolution: {integrity: sha512-xQS/TuL7nBWwhYilIUHGhce0dLLMG+fsn8X6r78rDVEuSZPoTmP4ClVkM6uW+3OaKMBrel1VUXnFJ79Mg/n+lw==}
    cpu: [x64]
    os: [freebsd]
    requiresBuild: true
    dev: true
    optional: true

  /esbuild-freebsd-arm64/0.13.11:
    resolution: {integrity: sha512-xU5G1UL/TWhgar9qAjDmnFVRWI//XFTHrG3SCpyhSMgOqrlD0ySgW1SSXEBVHfQu0JIEKQZ0uQpreS0pXt20/A==}
    cpu: [arm64]
    os: [freebsd]
    requiresBuild: true
    dev: true
    optional: true

  /esbuild-linux-32/0.13.11:
    resolution: {integrity: sha512-P2a4eEtpRP6KHzTY30xEVOFpIFVZoa48/bjB+V5jXGRk5iKSsX4Akq3amXotz66GDBSEiaz1uSJ1Nu80HfA1Mw==}
    cpu: [ia32]
    os: [linux]
    requiresBuild: true
    dev: true
    optional: true

  /esbuild-linux-64/0.13.11:
    resolution: {integrity: sha512-Lk5JfLpQhaLGK+h4WFc8GQNP+uX5olqQLcomROlKUjxuAn+T+8+EI6CEX5FANu/Y/QlzC57zfvkxqRRUAZ9bdg==}
    cpu: [x64]
    os: [linux]
    requiresBuild: true
    dev: true
    optional: true

  /esbuild-linux-arm/0.13.11:
    resolution: {integrity: sha512-K+pYBQr5AAyqe0D4GSFzZF3qnoUf2HG6W4ox8L5dYe20fTfq6o9CaRQpcp7nCYzM1ZSOJR1gK/Xzsn1YRp5lpg==}
    cpu: [arm]
    os: [linux]
    requiresBuild: true
    dev: true
    optional: true

  /esbuild-linux-arm64/0.13.11:
    resolution: {integrity: sha512-wOPaXH5Z0qkT2dsm7nWJ44jysXUVQ3IS6a0lXprE3AYLt7PCqATrlXOMwuQngJEMqxxvM9svaI3lTqU+E9sxlQ==}
    cpu: [arm64]
    os: [linux]
    requiresBuild: true
    dev: true
    optional: true

  /esbuild-linux-mips64le/0.13.11:
    resolution: {integrity: sha512-pupByBqNyyfFYfsIpprkie62NdZ424LmMhWWMfLav59DLOoG3Tn9DBam5lLeVX4eW1SCZgsGcfBAoaReCK7TZg==}
    cpu: [mips64el]
    os: [linux]
    requiresBuild: true
    dev: true
    optional: true

  /esbuild-linux-ppc64le/0.13.11:
    resolution: {integrity: sha512-6F5n+XPLBfLjzSWvY32hS0b9UxLMtrcGD+1fCAdzXGSyT4Z35LsDTPZtFHHdczfvaGqsoIaEwbdihoOTg86uow==}
    cpu: [ppc64]
    os: [linux]
    requiresBuild: true
    dev: true
    optional: true

  /esbuild-netbsd-64/0.13.11:
    resolution: {integrity: sha512-0/DInmj0wcFewOmK8Ek8dkMLRev3/9eZyYhruqhZdjWq4hfi9APnn3gOxgj3dDo3Q4Dhc8pFqA9SpxD5KXGH2Q==}
    cpu: [x64]
    os: [netbsd]
    requiresBuild: true
    dev: true
    optional: true

  /esbuild-openbsd-64/0.13.11:
    resolution: {integrity: sha512-QkWZt2D/XGD3gejRTX0mQx3oPuYTdSpLJ4H9cQlsec/WNCRW17DDqb61UE38PozMKO2EfpE+znWc/uLoA7tyGA==}
    cpu: [x64]
    os: [openbsd]
    requiresBuild: true
    dev: true
    optional: true

  /esbuild-sunos-64/0.13.11:
    resolution: {integrity: sha512-mQ6BjPBsajbSzqMJZHodS2Z2UCtrUftFQR/cWPMyL/y7sF/OJwgpG4vif1jxCPB/rgU239fTyIJnwQHblqpkjQ==}
    cpu: [x64]
    os: [sunos]
    requiresBuild: true
    dev: true
    optional: true

  /esbuild-windows-32/0.13.11:
    resolution: {integrity: sha512-CBrsaverrBed3wo+fz9uMtmEaaetUGv29rXbZipFX1wqlFOFFmrA3l97P/4MLOIP8NlOZheVLwEdKWiT5dIV4Q==}
    cpu: [ia32]
    os: [win32]
    requiresBuild: true
    dev: true
    optional: true

  /esbuild-windows-64/0.13.11:
    resolution: {integrity: sha512-Lg3XTGO8jfYEJnnErqbMeXlRd4SiB2gYqsbH828cy8z52fsGOWEfmVyyzRYHFnMOVXHnV9njk8aj/gvdzhXtuQ==}
    cpu: [x64]
    os: [win32]
    requiresBuild: true
    dev: true
    optional: true

  /esbuild-windows-arm64/0.13.11:
    resolution: {integrity: sha512-D9k0+gZhyTreG8UDYV4O/TTA9zcvnCKI+FnoS+Qun+2nD9CDXkLkA2jSJIPAme1dzQoMJpxwkOVWjLXKkMDc+Q==}
    cpu: [arm64]
    os: [win32]
    requiresBuild: true
    dev: true
    optional: true

  /esbuild/0.13.11:
    resolution: {integrity: sha512-LeKT6wgEJX+U78L8O6Me71NtV18pO2iGJv3hBeOPMk+wArxHvQqv/cU8uZ97i+rge25DOrLNKBlzN3ofyoS1sg==}
    hasBin: true
    requiresBuild: true
    optionalDependencies:
      esbuild-android-arm64: 0.13.11
      esbuild-darwin-64: 0.13.11
      esbuild-darwin-arm64: 0.13.11
      esbuild-freebsd-64: 0.13.11
      esbuild-freebsd-arm64: 0.13.11
      esbuild-linux-32: 0.13.11
      esbuild-linux-64: 0.13.11
      esbuild-linux-arm: 0.13.11
      esbuild-linux-arm64: 0.13.11
      esbuild-linux-mips64le: 0.13.11
      esbuild-linux-ppc64le: 0.13.11
      esbuild-netbsd-64: 0.13.11
      esbuild-openbsd-64: 0.13.11
      esbuild-sunos-64: 0.13.11
      esbuild-windows-32: 0.13.11
      esbuild-windows-64: 0.13.11
      esbuild-windows-arm64: 0.13.11
    dev: true

  /estree-walker/2.0.2:
    resolution: {integrity: sha512-Rfkk/Mp/DL7JVje3u18FxFujQlTNR2q6QfMSMB7AvCBx91NGj/ba3kCfza0f6dVDbw7YlRf/nDrn7pQrCCyQ/w==}
    dev: true

  /ethers/5.5.1:
    resolution: {integrity: sha512-RodEvUFZI+EmFcE6bwkuJqpCYHazdzeR1nMzg+YWQSmQEsNtfl1KHGfp/FWZYl48bI/g7cgBeP2IlPthjiVngw==}
    dependencies:
      '@ethersproject/abi': 5.5.0
      '@ethersproject/abstract-provider': 5.5.1
      '@ethersproject/abstract-signer': 5.5.0
      '@ethersproject/address': 5.5.0
      '@ethersproject/base64': 5.5.0
      '@ethersproject/basex': 5.5.0
      '@ethersproject/bignumber': 5.5.0
      '@ethersproject/bytes': 5.5.0
      '@ethersproject/constants': 5.5.0
      '@ethersproject/contracts': 5.5.0
      '@ethersproject/hash': 5.5.0
      '@ethersproject/hdnode': 5.5.0
      '@ethersproject/json-wallets': 5.5.0
      '@ethersproject/keccak256': 5.5.0
      '@ethersproject/logger': 5.5.0
      '@ethersproject/networks': 5.5.0
      '@ethersproject/pbkdf2': 5.5.0
      '@ethersproject/properties': 5.5.0
      '@ethersproject/providers': 5.5.0
      '@ethersproject/random': 5.5.0
      '@ethersproject/rlp': 5.5.0
      '@ethersproject/sha2': 5.5.0
      '@ethersproject/signing-key': 5.5.0
      '@ethersproject/solidity': 5.5.0
      '@ethersproject/strings': 5.5.0
      '@ethersproject/transactions': 5.5.0
      '@ethersproject/units': 5.5.0
      '@ethersproject/wallet': 5.5.0
      '@ethersproject/web': 5.5.0
      '@ethersproject/wordlists': 5.5.0
    transitivePeerDependencies:
      - bufferutil
      - utf-8-validate
    dev: false

  /fsevents/2.3.2:
    resolution: {integrity: sha512-xiqMQR4xAeHTuB9uWm+fFRcIOgKBMiOBP+eXiyT7jsgVCq1bkVygt00oASowB7EdtpOHaaPgKt812P9ab+DDKA==}
    engines: {node: ^8.16.0 || ^10.6.0 || >=11.0.0}
    os: [darwin]
    requiresBuild: true
    dev: true
    optional: true

  /function-bind/1.1.1:
    resolution: {integrity: sha512-yIovAzMX49sF8Yl58fSCWJ5svSLuaibPxXQJFLmBObTuCr0Mf1KiPopGM9NiFjiYBCbfaa2Fh6breQ6ANVTI0A==}
    dev: true

  /has/1.0.3:
    resolution: {integrity: sha512-f2dvO0VU6Oej7RkWJGrehjbzMAjFp5/VKPp5tTpWIV4JHHZK1/BxbFRtf/siA2SWTe09caDmVtYYzWEIbBS4zw==}
    engines: {node: '>= 0.4.0'}
    dependencies:
      function-bind: 1.1.1
    dev: true

  /hash.js/1.1.7:
    resolution: {integrity: sha512-taOaskGt4z4SOANNseOviYDvjEJinIkRgmp7LbKP2YTTmVxWBl87s/uzK9r+44BclBSp2X7K1hqeNfz9JbBeXA==}
    dependencies:
      inherits: 2.0.4
      minimalistic-assert: 1.0.1
    dev: false

  /hmac-drbg/1.0.1:
    resolution: {integrity: sha1-0nRXAQJabHdabFRXk+1QL8DGSaE=}
    dependencies:
      hash.js: 1.1.7
      minimalistic-assert: 1.0.1
      minimalistic-crypto-utils: 1.0.1
    dev: false

  /inherits/2.0.4:
    resolution: {integrity: sha512-k/vGaX4/Yla3WzyMCvTQOXYeIHvqOKtnqBduzTHpzpQZzAskKMhZ2K+EnBiSM9zGSoIFeMpXKxa4dYeZIQqewQ==}
    dev: false

  /is-core-module/2.8.0:
    resolution: {integrity: sha512-vd15qHsaqrRL7dtH6QNuy0ndJmRDrS9HAM1CAiSifNUFv4x1a0CCVsj18hJ1mShxIG6T2i1sO78MkP56r0nYRw==}
    dependencies:
      has: 1.0.3
    dev: true

  /js-sha3/0.8.0:
    resolution: {integrity: sha512-gF1cRrHhIzNfToc802P800N8PpXS+evLLXfsVpowqmAFR9uwbi89WvXg2QspOmXL8QL86J4T1EpFu+yUkwJY3Q==}
    dev: false

  /kleur/4.1.4:
    resolution: {integrity: sha512-8QADVssbrFjivHWQU7KkMgptGTl6WAcSdlbBPY4uNF+mWr6DGcKrvY2w4FQJoXch7+fKMjj0dRrL75vk3k23OA==}
    engines: {node: '>=6'}
    dev: true

  /magic-string/0.25.7:
    resolution: {integrity: sha512-4CrMT5DOHTDk4HYDlzmwu4FVCcIYI8gauveasrdCu2IKIFOJ3f0v/8MDGJCDL9oD2ppz/Av1b0Nj345H9M+XIA==}
    dependencies:
      sourcemap-codec: 1.4.8
    dev: true

  /minimalistic-assert/1.0.1:
    resolution: {integrity: sha512-UtJcAD4yEaGtjPezWuO9wC4nwUnVH/8/Im3yEHQP4b67cXlD/Qr9hdITCU1xDbSEXg2XKNaP8jsReV7vQd00/A==}
    dev: false

  /minimalistic-crypto-utils/1.0.1:
    resolution: {integrity: sha1-9sAMHAsIIkblxNmd+4x8CDsrWCo=}
    dev: false

  /ms/2.1.2:
    resolution: {integrity: sha512-sGkPx+VjMtmA6MX27oA4FBFELFCZZ4S4XqeGOXCv68tT+jb3vk/RyaKWP0PTKyWtmLSM0b+adUTEvbs1PEaH2w==}
    dev: true

  /nanoid/3.1.30:
    resolution: {integrity: sha512-zJpuPDwOv8D2zq2WRoMe1HsfZthVewpel9CAvTfc/2mBD1uUT/agc5f7GHGWXlYkFvi1mVxe4IjvP2HNrop7nQ==}
    engines: {node: ^10 || ^12 || ^13.7 || ^14 || >=15.0.1}
    hasBin: true
    dev: true

  /path-parse/1.0.7:
    resolution: {integrity: sha512-LDJzPVEEEPR+y48z93A0Ed0yXb8pAByGWo/k5YYdYgpY2/2EsOsksJrq7lOHxryrVOn1ejG6oAp8ahvOIQD8sw==}
    dev: true

  /picocolors/1.0.0:
    resolution: {integrity: sha512-1fygroTLlHu66zi26VoTDv8yRgm0Fccecssto+MhsZ0D/DGW2sm8E8AjW7NU5VVTRt5GxbeZ5qBuJr+HyLYkjQ==}
    dev: true

  /picomatch/2.3.0:
    resolution: {integrity: sha512-lY1Q/PiJGC2zOv/z391WOTD+Z02bCgsFfvxoXXf6h7kv9o+WmsmzYqrAwY63sNgOxE4xEdq0WyUnXfKeBrSvYw==}
    engines: {node: '>=8.6'}
    dev: true

  /postcss/8.3.11:
    resolution: {integrity: sha512-hCmlUAIlUiav8Xdqw3Io4LcpA1DOt7h3LSTAC4G6JGHFFaWzI6qvFt9oilvl8BmkbBRX1IhM90ZAmpk68zccQA==}
    engines: {node: ^10 || ^12 || >=14}
    dependencies:
      nanoid: 3.1.30
      picocolors: 1.0.0
      source-map-js: 0.6.2
    dev: true

  /require-relative/0.8.7:
    resolution: {integrity: sha1-eZlTn8ngR6N5KPoZb44VY9q9Nt4=}
    dev: true

  /resolve/1.20.0:
    resolution: {integrity: sha512-wENBPt4ySzg4ybFQW2TT1zMQucPK95HSh/nq2CFTZVOGut2+pQvSsgtda4d26YrYcr067wjbmzOG8byDPBX63A==}
    dependencies:
      is-core-module: 2.8.0
      path-parse: 1.0.7
    dev: true

  /rollup/2.58.3:
    resolution: {integrity: sha512-ei27MSw1KhRur4p87Q0/Va2NAYqMXOX++FNEumMBcdreIRLURKy+cE2wcDJKBn0nfmhP2ZGrJkP1XPO+G8FJQw==}
    engines: {node: '>=10.0.0'}
    hasBin: true
    optionalDependencies:
      fsevents: 2.3.2
    dev: true

  /scrypt-js/3.0.1:
    resolution: {integrity: sha512-cdwTTnqPu0Hyvf5in5asVdZocVDTNRmR7XEcJuIzMjJeSHybHl7vpB66AzwTaIg6CLSbtjcxc8fqcySfnTkccA==}
    dev: false

  /source-map-js/0.6.2:
    resolution: {integrity: sha512-/3GptzWzu0+0MBQFrDKzw/DvvMTUORvgY6k6jd/VS6iCR4RDTKWH6v6WPwQoUO8667uQEf9Oe38DxAYWY5F/Ug==}
    engines: {node: '>=0.10.0'}
    dev: true

  /sourcemap-codec/1.4.8:
    resolution: {integrity: sha512-9NykojV5Uih4lgo5So5dtw+f0JgJX30KCNI8gwhz2J9A15wD0Ml6tjHKwf6fTSa6fAdVBdZeNOs9eJ71qCk8vA==}
    dev: true

  /svelte-hmr/0.14.7_svelte@3.44.0:
    resolution: {integrity: sha512-pDrzgcWSoMaK6AJkBWkmgIsecW0GChxYZSZieIYfCP0v2oPyx2CYU/zm7TBIcjLVUPP714WxmViE9Thht4etog==}
    peerDependencies:
      svelte: '>=3.19.0'
    dependencies:
      svelte: 3.44.0
    dev: true

  /svelte/3.44.0:
    resolution: {integrity: sha512-zWACSJBSncGiDvFfYOMFGNV5zDLOlyhftmO5yOZ0lEtQMptpElaRtl39MWz1+lYCpwUq4F3Q2lTzI9TrTL+eMA==}
    engines: {node: '>= 8'}
    dev: true

  /vite/2.6.13:
    resolution: {integrity: sha512-+tGZ1OxozRirTudl4M3N3UTNJOlxdVo/qBl2IlDEy/ZpTFcskp+k5ncNjayR3bRYTCbqSOFz2JWGN1UmuDMScA==}
    engines: {node: '>=12.2.0'}
    hasBin: true
    peerDependencies:
      less: '*'
      sass: '*'
      stylus: '*'
    peerDependenciesMeta:
      less:
        optional: true
      sass:
        optional: true
      stylus:
        optional: true
    dependencies:
      esbuild: 0.13.11
      postcss: 8.3.11
      resolve: 1.20.0
      rollup: 2.58.3
    optionalDependencies:
      fsevents: 2.3.2
    dev: true

  /ws/7.4.6:
    resolution: {integrity: sha512-YmhHDO4MzaDLB+M9ym/mDA5z0naX8j7SIlT8f8z+I0VtzsRbekxEutHSme7NPS2qE8StCYQNUnfWdXta/Yu85A==}
    engines: {node: '>=8.3.0'}
    peerDependencies:
      bufferutil: ^4.0.1
      utf-8-validate: ^5.0.2
    peerDependenciesMeta:
      bufferutil:
        optional: true
      utf-8-validate:
        optional: true
    dev: false
